
Microsoft Visual Studio Solution File, Format Version 12.00
# Visual Studio 15
VisualStudioVersion = 15.0.27703.2000
MinimumVisualStudioVersion = 10.0.40219.1
Project("{FAE04EC0-301F-11D3-BF4B-00C04F79EFBC}") = "h7test", "h7test\h7test.csproj", "{1090C7C4-44F1-4BBE-92FF-7567CE64FEF7}"
EndProject
Global
	GlobalSection(SolutionConfigurationPlatforms) = preSolution
		Debug|Any CPU = Debug|Any CPU
		Release|Any CPU = Release|Any CPU
	EndGlobalSection
	GlobalSection(ProjectConfigurationPlatforms) = postSolution
		{1090C7C4-44F1-4BBE-92FF-7567CE64FEF7}.Debug|Any CPU.ActiveCfg = Debug|Any CPU
		{1090C7C4-44F1-4BBE-92FF-7567CE64FEF7}.Debug|Any CPU.Build.0 = Debug|Any CPU
		{1090C7C4-44F1-4BBE-92FF-7567CE64FEF7}.Release|Any CPU.ActiveCfg = Release|Any CPU
		{1090C7C4-44F1-4BBE-92FF-7567CE64FEF7}.Release|Any CPU.Build.0 = Release|Any CPU
	EndGlobalSection
	GlobalSection(SolutionProperties) = preSolution
		HideSolutionNode = FALSE
	EndGlobalSection
	GlobalSection(ExtensibilityGlobals) = postSolution
		SolutionGuid = {581B85B5-7D96-4222-A6D0-16A88B220E99}
	EndGlobalSection
EndGlobal
